github.com/mrmierzejewski/hugo-theme-console v0.0.0-20241205185154-69afe3ccd2a4 h1:ONaB1saT92DZRmkFYSoPWxWNhyLlgoNc+q3guYNfrlA=
github.com/mrmierzejewski/hugo-theme-console v0.0.0-20241205185154-69afe3ccd2a4/go.mod h1:N65e0/XqC5/oKjv5TpwNFi88vAgMDUZfnGU4sf7KRkQ=
github.com/mrmierzejewski/hugo-theme-console v0.0.0-20250410175535-005753765e4c h1:5FF6+Ml8ZIahlYgR/D9gJYC5Q6n+yN9/1HHmp4Fcl2M=
github.com/mrmierzejewski/hugo-theme-console v0.0.0-20250410175535-005753765e4c/go.mod h1:N65e0/XqC5/oKjv5TpwNFi88vAgMDUZfnGU4sf7KRkQ=
